
Microsoft Visual Studio Solution File, Format Version 12.00
# Visual Studio Version 16
VisualStudioVersion = 16.0.34601.136
MinimumVisualStudioVersion = 10.0.40219.1
Project("{FAE04EC0-301F-11D3-BF4B-00C04F79EFBC}") = "borrarLineas", "borrarLineas.csproj", "{8B68A55D-AC69-4BD9-B5AA-70955D584516}"
EndProject
Global
	GlobalSection(SolutionConfigurationPlatforms) = preSolution
		Debug|Any CPU = Debug|Any CPU
		Release|Any CPU = Release|Any CPU
	EndGlobalSection
	GlobalSection(ProjectConfigurationPlatforms) = postSolution
		{8B68A55D-AC69-4BD9-B5AA-70955D584516}.Debug|Any CPU.ActiveCfg = Debug|Any CPU
		{8B68A55D-AC69-4BD9-B5AA-70955D584516}.Debug|Any CPU.Build.0 = Debug|Any CPU
		{8B68A55D-AC69-4BD9-B5AA-70955D584516}.Release|Any CPU.ActiveCfg = Release|Any CPU
		{8B68A55D-AC69-4BD9-B5AA-70955D584516}.Release|Any CPU.Build.0 = Release|Any CPU
	EndGlobalSection
	GlobalSection(SolutionProperties) = preSolution
		HideSolutionNode = FALSE
	EndGlobalSection
	GlobalSection(ExtensibilityGlobals) = postSolution
		SolutionGuid = {940FE647-15EC-4ED0-AFFB-A8ACF709C4B5}
	EndGlobalSection
EndGlobal
